
Microsoft Visual Studio Solution File, Format Version 12.00
# Visual Studio 2013
VisualStudioVersion = 12.0.31101.0
MinimumVisualStudioVersion = 10.0.40219.1
Project("{FAE04EC0-301F-11D3-BF4B-00C04F79EFBC}") = "PrimeCheck", "Primes_CA\PrimeCheck.csproj", "{C439F809-C7AC-49E8-BF78-496DD56F38A0}"
EndProject
Project("{FAE04EC0-301F-11D3-BF4B-00C04F79EFBC}") = "FactorList", "FactorList\FactorList.csproj", "{1701979E-3C78-4454-950C-80CAC1908197}"
EndProject
Project("{FAE04EC0-301F-11D3-BF4B-00C04F79EFBC}") = "EuclideanAlgorithm", "EuclideanAlgorithm\EuclideanAlgorithm.csproj", "{B00F4DE0-EFC4-40FD-9AB6-7D2486539FC2}"
EndProject
Project("{FAE04EC0-301F-11D3-BF4B-00C04F79EFBC}") = "ExtendedEuclideanAlgorithm", "ExtendedEuclideanAlgorithm\ExtendedEuclideanAlgorithm.csproj", "{F8C73D50-D5D0-4843-84E7-B166FAB7116D}"
EndProject
Project("{FAE04EC0-301F-11D3-BF4B-00C04F79EFBC}") = "RSA_Encrypt", "RSA_Encrypt\RSA_Encrypt.csproj", "{490EC95D-53D3-4FD3-9C90-E6C406098535}"
EndProject
Project("{FAE04EC0-301F-11D3-BF4B-00C04F79EFBC}") = "RSA_Decrypt", "RSA_Decrypt\RSA_Decrypt.csproj", "{8BBE5CFB-47F2-4FF0-B227-E3368B6D2C21}"
EndProject
Project("{FAE04EC0-301F-11D3-BF4B-00C04F79EFBC}") = "Maths Project", "Maths Project\Maths Project.csproj", "{E7183A5A-DFD9-4088-87B8-9B73866EDF58}"
EndProject
Global
	GlobalSection(SolutionConfigurationPlatforms) = preSolution
		Debug|Any CPU = Debug|Any CPU
		Release|Any CPU = Release|Any CPU
	EndGlobalSection
	GlobalSection(ProjectConfigurationPlatforms) = postSolution
		{C439F809-C7AC-49E8-BF78-496DD56F38A0}.Debug|Any CPU.ActiveCfg = Debug|Any CPU
		{C439F809-C7AC-49E8-BF78-496DD56F38A0}.Debug|Any CPU.Build.0 = Debug|Any CPU
		{C439F809-C7AC-49E8-BF78-496DD56F38A0}.Release|Any CPU.ActiveCfg = Release|Any CPU
		{C439F809-C7AC-49E8-BF78-496DD56F38A0}.Release|Any CPU.Build.0 = Release|Any CPU
		{1701979E-3C78-4454-950C-80CAC1908197}.Debug|Any CPU.ActiveCfg = Debug|Any CPU
		{1701979E-3C78-4454-950C-80CAC1908197}.Debug|Any CPU.Build.0 = Debug|Any CPU
		{1701979E-3C78-4454-950C-80CAC1908197}.Release|Any CPU.ActiveCfg = Release|Any CPU
		{1701979E-3C78-4454-950C-80CAC1908197}.Release|Any CPU.Build.0 = Release|Any CPU
		{B00F4DE0-EFC4-40FD-9AB6-7D2486539FC2}.Debug|Any CPU.ActiveCfg = Debug|Any CPU
		{B00F4DE0-EFC4-40FD-9AB6-7D2486539FC2}.Debug|Any CPU.Build.0 = Debug|Any CPU
		{B00F4DE0-EFC4-40FD-9AB6-7D2486539FC2}.Release|Any CPU.ActiveCfg = Release|Any CPU
		{B00F4DE0-EFC4-40FD-9AB6-7D2486539FC2}.Release|Any CPU.Build.0 = Release|Any CPU
		{F8C73D50-D5D0-4843-84E7-B166FAB7116D}.Debug|Any CPU.ActiveCfg = Debug|Any CPU
		{F8C73D50-D5D0-4843-84E7-B166FAB7116D}.Debug|Any CPU.Build.0 = Debug|Any CPU
		{F8C73D50-D5D0-4843-84E7-B166FAB7116D}.Release|Any CPU.ActiveCfg = Release|Any CPU
		{F8C73D50-D5D0-4843-84E7-B166FAB7116D}.Release|Any CPU.Build.0 = Release|Any CPU
		{490EC95D-53D3-4FD3-9C90-E6C406098535}.Debug|Any CPU.ActiveCfg = Debug|Any CPU
		{490EC95D-53D3-4FD3-9C90-E6C406098535}.Debug|Any CPU.Build.0 = Debug|Any CPU
		{490EC95D-53D3-4FD3-9C90-E6C406098535}.Release|Any CPU.ActiveCfg = Release|Any CPU
		{490EC95D-53D3-4FD3-9C90-E6C406098535}.Release|Any CPU.Build.0 = Release|Any CPU
		{8BBE5CFB-47F2-4FF0-B227-E3368B6D2C21}.Debug|Any CPU.ActiveCfg = Debug|Any CPU
		{8BBE5CFB-47F2-4FF0-B227-E3368B6D2C21}.Debug|Any CPU.Build.0 = Debug|Any CPU
		{8BBE5CFB-47F2-4FF0-B227-E3368B6D2C21}.Release|Any CPU.ActiveCfg = Release|Any CPU
		{8BBE5CFB-47F2-4FF0-B227-E3368B6D2C21}.Release|Any CPU.Build.0 = Release|Any CPU
		{E7183A5A-DFD9-4088-87B8-9B73866EDF58}.Debug|Any CPU.ActiveCfg = Debug|Any CPU
		{E7183A5A-DFD9-4088-87B8-9B73866EDF58}.Debug|Any CPU.Build.0 = Debug|Any CPU
		{E7183A5A-DFD9-4088-87B8-9B73866EDF58}.Release|Any CPU.ActiveCfg = Release|Any CPU
		{E7183A5A-DFD9-4088-87B8-9B73866EDF58}.Release|Any CPU.Build.0 = Release|Any CPU
	EndGlobalSection
	GlobalSection(SolutionProperties) = preSolution
		HideSolutionNode = FALSE
	EndGlobalSection
EndGlobal
