
Microsoft Visual Studio Solution File, Format Version 12.00
# Visual Studio 2013
VisualStudioVersion = 12.0.31101.0
MinimumVisualStudioVersion = 10.0.40219.1
Project("{FAE04EC0-301F-11D3-BF4B-00C04F79EFBC}") = "PrimeCheck", "Primes_CA\PrimeCheck.csproj", "{C439F809-C7AC-49E8-BF78-496DD56F38A0}"
EndProject
Project("{FAE04EC0-301F-11D3-BF4B-00C04F79EFBC}") = "FactorList", "FactorList\FactorList.csproj", "{1701979E-3C78-4454-950C-80CAC1908197}"
EndProject
Global
	GlobalSection(SolutionConfigurationPlatforms) = preSolution
		Debug|Any CPU = Debug|Any CPU
		Release|Any CPU = Release|Any CPU
	EndGlobalSection
	GlobalSection(ProjectConfigurationPlatforms) = postSolution
		{C439F809-C7AC-49E8-BF78-496DD56F38A0}.Debug|Any CPU.ActiveCfg = Debug|Any CPU
		{C439F809-C7AC-49E8-BF78-496DD56F38A0}.Debug|Any CPU.Build.0 = Debug|Any CPU
		{C439F809-C7AC-49E8-BF78-496DD56F38A0}.Release|Any CPU.ActiveCfg = Release|Any CPU
		{C439F809-C7AC-49E8-BF78-496DD56F38A0}.Release|Any CPU.Build.0 = Release|Any CPU
		{1701979E-3C78-4454-950C-80CAC1908197}.Debug|Any CPU.ActiveCfg = Debug|Any CPU
		{1701979E-3C78-4454-950C-80CAC1908197}.Debug|Any CPU.Build.0 = Debug|Any CPU
		{1701979E-3C78-4454-950C-80CAC1908197}.Release|Any CPU.ActiveCfg = Release|Any CPU
		{1701979E-3C78-4454-950C-80CAC1908197}.Release|Any CPU.Build.0 = Release|Any CPU
	EndGlobalSection
	GlobalSection(SolutionProperties) = preSolution
		HideSolutionNode = FALSE
	EndGlobalSection
EndGlobal
